// !$*UTF8*$!
{
	archiveVersion = 1;
	classes = {
	};
	objectVersion = 50;
	objects = {

/* Begin PBXBuildFile section */
		AD1962E7229C04C600D8D479 /* CarTableViewCell.swift in Sources */ = {isa = PBXBuildFile; fileRef = AD1962E6229C04C600D8D479 /* CarTableViewCell.swift */; };
		AD1962E9229C0ECA00D8D479 /* FullList.swift in Sources */ = {isa = PBXBuildFile; fileRef = AD1962E8229C0ECA00D8D479 /* FullList.swift */; };
		AD9D2CD7229D331200F7DC94 /* DisplayCarViewController.swift in Sources */ = {isa = PBXBuildFile; fileRef = AD9D2CD6229D331200F7DC94 /* DisplayCarViewController.swift */; };
		ADE24B862297ED450059602A /* AppDelegate.swift in Sources */ = {isa = PBXBuildFile; fileRef = ADE24B852297ED450059602A /* AppDelegate.swift */; };
		ADE24B882297ED450059602A /* ViewController.swift in Sources */ = {isa = PBXBuildFile; fileRef = ADE24B872297ED450059602A /* ViewController.swift */; };
		ADE24B8B2297ED450059602A /* Main.storyboard in Resources */ = {isa = PBXBuildFile; fileRef = ADE24B892297ED450059602A /* Main.storyboard */; };
		ADE24B8D2297ED460059602A /* Assets.xcassets in Resources */ = {isa = PBXBuildFile; fileRef = ADE24B8C2297ED460059602A /* Assets.xcassets */; };
		ADE24B902297ED460059602A /* LaunchScreen.storyboard in Resources */ = {isa = PBXBuildFile; fileRef = ADE24B8E2297ED460059602A /* LaunchScreen.storyboard */; };
		ADE24B9B2298034F0059602A /* SlideMenuController.swift in Sources */ = {isa = PBXBuildFile; fileRef = ADE24B982298034F0059602A /* SlideMenuController.swift */; };
		ADE24B9C2298034F0059602A /* Info.plist in Resources */ = {isa = PBXBuildFile; fileRef = ADE24B9A2298034F0059602A /* Info.plist */; };
		ADE24BA6229803EC0059602A /* UIDevice+Extension.swift in Sources */ = {isa = PBXBuildFile; fileRef = ADE24B9E229803EC0059602A /* UIDevice+Extension.swift */; };
		ADE24BA7229803EC0059602A /* UIColor+Extension.swift in Sources */ = {isa = PBXBuildFile; fileRef = ADE24B9F229803EC0059602A /* UIColor+Extension.swift */; };
		ADE24BA8229803EC0059602A /* UIView+Extension.swift in Sources */ = {isa = PBXBuildFile; fileRef = ADE24BA0229803EC0059602A /* UIView+Extension.swift */; };
		ADE24BA9229803EC0059602A /* Networking+Extension.swift in Sources */ = {isa = PBXBuildFile; fileRef = ADE24BA1229803EC0059602A /* Networking+Extension.swift */; };
		ADE24BAA229803EC0059602A /* UIViewController+Extension.swift in Sources */ = {isa = PBXBuildFile; fileRef = ADE24BA2229803EC0059602A /* UIViewController+Extension.swift */; };
		ADE24BAB229803EC0059602A /* String+Extension.swift in Sources */ = {isa = PBXBuildFile; fileRef = ADE24BA3229803EC0059602A /* String+Extension.swift */; };
		ADE24BAC229803EC0059602A /* UITableView.swift in Sources */ = {isa = PBXBuildFile; fileRef = ADE24BA4229803EC0059602A /* UITableView.swift */; };
		ADE24BAD229803EC0059602A /* UITextField+Extension.swift in Sources */ = {isa = PBXBuildFile; fileRef = ADE24BA5229803EC0059602A /* UITextField+Extension.swift */; };
		ADE24BAF229812EA0059602A /* ReservationViewController.swift in Sources */ = {isa = PBXBuildFile; fileRef = ADE24BAE229812EA0059602A /* ReservationViewController.swift */; };
/* End PBXBuildFile section */

/* Begin PBXFileReference section */
		AD1962E6229C04C600D8D479 /* CarTableViewCell.swift */ = {isa = PBXFileReference; lastKnownFileType = sourcecode.swift; path = CarTableViewCell.swift; sourceTree = "<group>"; };
		AD1962E8229C0ECA00D8D479 /* FullList.swift */ = {isa = PBXFileReference; lastKnownFileType = sourcecode.swift; path = FullList.swift; sourceTree = "<group>"; };
		AD9D2CD6229D331200F7DC94 /* DisplayCarViewController.swift */ = {isa = PBXFileReference; lastKnownFileType = sourcecode.swift; path = DisplayCarViewController.swift; sourceTree = "<group>"; };
		ADE24B822297ED450059602A /* Skurt.app */ = {isa = PBXFileReference; explicitFileType = wrapper.application; includeInIndex = 0; path = Skurt.app; sourceTree = BUILT_PRODUCTS_DIR; };
		ADE24B852297ED450059602A /* AppDelegate.swift */ = {isa = PBXFileReference; lastKnownFileType = sourcecode.swift; path = AppDelegate.swift; sourceTree = "<group>"; };
		ADE24B872297ED450059602A /* ViewController.swift */ = {isa = PBXFileReference; lastKnownFileType = sourcecode.swift; path = ViewController.swift; sourceTree = "<group>"; };
		ADE24B8A2297ED450059602A /* Base */ = {isa = PBXFileReference; lastKnownFileType = file.storyboard; name = Base; path = Base.lproj/Main.storyboard; sourceTree = "<group>"; };
		ADE24B8C2297ED460059602A /* Assets.xcassets */ = {isa = PBXFileReference; lastKnownFileType = folder.assetcatalog; path = Assets.xcassets; sourceTree = "<group>"; };
		ADE24B8F2297ED460059602A /* Base */ = {isa = PBXFileReference; lastKnownFileType = file.storyboard; name = Base; path = Base.lproj/LaunchScreen.storyboard; sourceTree = "<group>"; };
		ADE24B912297ED460059602A /* Info.plist */ = {isa = PBXFileReference; lastKnownFileType = text.plist.xml; path = Info.plist; sourceTree = "<group>"; };
		ADE24B982298034F0059602A /* SlideMenuController.swift */ = {isa = PBXFileReference; fileEncoding = 4; lastKnownFileType = sourcecode.swift; path = SlideMenuController.swift; sourceTree = "<group>"; };
		ADE24B992298034F0059602A /* SlideMenuControllerSwift.h */ = {isa = PBXFileReference; fileEncoding = 4; lastKnownFileType = sourcecode.c.h; path = SlideMenuControllerSwift.h; sourceTree = "<group>"; };
		ADE24B9A2298034F0059602A /* Info.plist */ = {isa = PBXFileReference; fileEncoding = 4; lastKnownFileType = text.plist.xml; path = Info.plist; sourceTree = "<group>"; };
		ADE24B9E229803EC0059602A /* UIDevice+Extension.swift */ = {isa = PBXFileReference; fileEncoding = 4; lastKnownFileType = sourcecode.swift; path = "UIDevice+Extension.swift"; sourceTree = "<group>"; };
		ADE24B9F229803EC0059602A /* UIColor+Extension.swift */ = {isa = PBXFileReference; fileEncoding = 4; lastKnownFileType = sourcecode.swift; path = "UIColor+Extension.swift"; sourceTree = "<group>"; };
		ADE24BA0229803EC0059602A /* UIView+Extension.swift */ = {isa = PBXFileReference; fileEncoding = 4; lastKnownFileType = sourcecode.swift; path = "UIView+Extension.swift"; sourceTree = "<group>"; };
		ADE24BA1229803EC0059602A /* Networking+Extension.swift */ = {isa = PBXFileReference; fileEncoding = 4; lastKnownFileType = sourcecode.swift; path = "Networking+Extension.swift"; sourceTree = "<group>"; };
		ADE24BA2229803EC0059602A /* UIViewController+Extension.swift */ = {isa = PBXFileReference; fileEncoding = 4; lastKnownFileType = sourcecode.swift; path = "UIViewController+Extension.swift"; sourceTree = "<group>"; };
		ADE24BA3229803EC0059602A /* String+Extension.swift */ = {isa = PBXFileReference; fileEncoding = 4; lastKnownFileType = sourcecode.swift; path = "String+Extension.swift"; sourceTree = "<group>"; };
		ADE24BA4229803EC0059602A /* UITableView.swift */ = {isa = PBXFileReference; fileEncoding = 4; lastKnownFileType = sourcecode.swift; path = UITableView.swift; sourceTree = "<group>"; };
		ADE24BA5229803EC0059602A /* UITextField+Extension.swift */ = {isa = PBXFileReference; fileEncoding = 4; lastKnownFileType = sourcecode.swift; path = "UITextField+Extension.swift"; sourceTree = "<group>"; };
		ADE24BAE229812EA0059602A /* ReservationViewController.swift */ = {isa = PBXFileReference; lastKnownFileType = sourcecode.swift; path = ReservationViewController.swift; sourceTree = "<group>"; };
/* End PBXFileReference section */

/* Begin PBXFrameworksBuildPhase section */
		ADE24B7F2297ED450059602A /* Frameworks */ = {
			isa = PBXFrameworksBuildPhase;
			buildActionMask = 2147483647;
			files = (
			);
			runOnlyForDeploymentPostprocessing = 0;
		};
/* End PBXFrameworksBuildPhase section */

/* Begin PBXGroup section */
		ADE24B792297ED450059602A = {
			isa = PBXGroup;
			children = (
				AD9D2CD6229D331200F7DC94 /* DisplayCarViewController.swift */,
				ADE24B842297ED450059602A /* Skurt */,
				ADE24B832297ED450059602A /* Products */,
			);
			sourceTree = "<group>";
		};
		ADE24B832297ED450059602A /* Products */ = {
			isa = PBXGroup;
			children = (
				ADE24B822297ED450059602A /* Skurt.app */,
			);
			name = Products;
			sourceTree = "<group>";
		};
		ADE24B842297ED450059602A /* Skurt */ = {
			isa = PBXGroup;
			children = (
				ADE24B852297ED450059602A /* AppDelegate.swift */,
				ADE24B872297ED450059602A /* ViewController.swift */,
				ADE24B892297ED450059602A /* Main.storyboard */,
				ADE24B8C2297ED460059602A /* Assets.xcassets */,
				AD1962E8229C0ECA00D8D479 /* FullList.swift */,
				ADE24BAE229812EA0059602A /* ReservationViewController.swift */,
				AD1962E6229C04C600D8D479 /* CarTableViewCell.swift */,
				ADE24B8E2297ED460059602A /* LaunchScreen.storyboard */,
				ADE24B912297ED460059602A /* Info.plist */,
				ADE24B9D229803EC0059602A /* Extension */,
				ADE24B972298034F0059602A /* SlideMenuControllerSwift */,
			);
			path = Skurt;
			sourceTree = "<group>";
		};
		ADE24B972298034F0059602A /* SlideMenuControllerSwift */ = {
			isa = PBXGroup;
			children = (
				ADE24B982298034F0059602A /* SlideMenuController.swift */,
				ADE24B992298034F0059602A /* SlideMenuControllerSwift.h */,
				ADE24B9A2298034F0059602A /* Info.plist */,
			);
			path = SlideMenuControllerSwift;
			sourceTree = "<group>";
		};
		ADE24B9D229803EC0059602A /* Extension */ = {
			isa = PBXGroup;
			children = (
				ADE24B9E229803EC0059602A /* UIDevice+Extension.swift */,
				ADE24B9F229803EC0059602A /* UIColor+Extension.swift */,
				ADE24BA0229803EC0059602A /* UIView+Extension.swift */,
				ADE24BA1229803EC0059602A /* Networking+Extension.swift */,
				ADE24BA2229803EC0059602A /* UIViewController+Extension.swift */,
				ADE24BA3229803EC0059602A /* String+Extension.swift */,
				ADE24BA4229803EC0059602A /* UITableView.swift */,
				ADE24BA5229803EC0059602A /* UITextField+Extension.swift */,
			);
			path = Extension;
			sourceTree = "<group>";
		};
/* End PBXGroup section */

/* Begin PBXNativeTarget section */
		ADE24B812297ED450059602A /* Skurt */ = {
			isa = PBXNativeTarget;
			buildConfigurationList = ADE24B942297ED460059602A /* Build configuration list for PBXNativeTarget "Skurt" */;
			buildPhases = (
				ADE24B7E2297ED450059602A /* Sources */,
				ADE24B7F2297ED450059602A /* Frameworks */,
				ADE24B802297ED450059602A /* Resources */,
			);
			buildRules = (
			);
			dependencies = (
			);
			name = Skurt;
			productName = Skurt;
			productReference = ADE24B822297ED450059602A /* Skurt.app */;
			productType = "com.apple.product-type.application";
		};
/* End PBXNativeTarget section */

/* Begin PBXProject section */
		ADE24B7A2297ED450059602A /* Project object */ = {
			isa = PBXProject;
			attributes = {
				LastSwiftUpdateCheck = 1020;
				LastUpgradeCheck = 1020;
				ORGANIZATIONNAME = "JohnPaul Izibili";
				TargetAttributes = {
					ADE24B812297ED450059602A = {
						CreatedOnToolsVersion = 10.2.1;
					};
				};
			};
			buildConfigurationList = ADE24B7D2297ED450059602A /* Build configuration list for PBXProject "Skurt" */;
			compatibilityVersion = "Xcode 9.3";
			developmentRegion = en;
			hasScannedForEncodings = 0;
			knownRegions = (
				en,
				Base,
			);
			mainGroup = ADE24B792297ED450059602A;
			productRefGroup = ADE24B832297ED450059602A /* Products */;
			projectDirPath = "";
			projectRoot = "";
			targets = (
				ADE24B812297ED450059602A /* Skurt */,
			);
		};
/* End PBXProject section */

/* Begin PBXResourcesBuildPhase section */
		ADE24B802297ED450059602A /* Resources */ = {
			isa = PBXResourcesBuildPhase;
			buildActionMask = 2147483647;
			files = (
				ADE24B9C2298034F0059602A /* Info.plist in Resources */,
				ADE24B902297ED460059602A /* LaunchScreen.storyboard in Resources */,
				ADE24B8D2297ED460059602A /* Assets.xcassets in Resources */,
				ADE24B8B2297ED450059602A /* Main.storyboard in Resources */,
			);
			runOnlyForDeploymentPostprocessing = 0;
		};
/* End PBXResourcesBuildPhase section */

/* Begin PBXSourcesBuildPhase section */
		ADE24B7E2297ED450059602A /* Sources */ = {
			isa = PBXSourcesBuildPhase;
			buildActionMask = 2147483647;
			files = (
				ADE24BAA229803EC0059602A /* UIViewController+Extension.swift in Sources */,
				ADE24BAB229803EC0059602A /* String+Extension.swift in Sources */,
				AD1962E9229C0ECA00D8D479 /* FullList.swift in Sources */,
				ADE24BA8229803EC0059602A /* UIView+Extension.swift in Sources */,
				ADE24B882297ED450059602A /* ViewController.swift in Sources */,
				ADE24BA9229803EC0059602A /* Networking+Extension.swift in Sources */,
				ADE24BA6229803EC0059602A /* UIDevice+Extension.swift in Sources */,
				AD1962E7229C04C600D8D479 /* CarTableViewCell.swift in Sources */,
				AD9D2CD7229D331200F7DC94 /* DisplayCarViewController.swift in Sources */,
				ADE24BAD229803EC0059602A /* UITextField+Extension.swift in Sources */,
				ADE24B9B2298034F0059602A /* SlideMenuController.swift in Sources */,
				ADE24BAC229803EC0059602A /* UITableView.swift in Sources */,
				ADE24B862297ED450059602A /* AppDelegate.swift in Sources */,
				ADE24BA7229803EC0059602A /* UIColor+Extension.swift in Sources */,
				ADE24BAF229812EA0059602A /* ReservationViewController.swift in Sources */,
			);
			runOnlyForDeploymentPostprocessing = 0;
		};
/* End PBXSourcesBuildPhase section */

/* Begin PBXVariantGroup section */
		ADE24B892297ED450059602A /* Main.storyboard */ = {
			isa = PBXVariantGroup;
			children = (
				ADE24B8A2297ED450059602A /* Base */,
			);
			name = Main.storyboard;
			sourceTree = "<group>";
		};
		ADE24B8E2297ED460059602A /* LaunchScreen.storyboard */ = {
			isa = PBXVariantGroup;
			children = (
				ADE24B8F2297ED460059602A /* Base */,
			);
			name = LaunchScreen.storyboard;
			sourceTree = "<group>";
		};
/* End PBXVariantGroup section */

/* Begin XCBuildConfiguration section */
		ADE24B922297ED460059602A /* Debug */ = {
			isa = XCBuildConfiguration;
			buildSettings = {
				ALWAYS_SEARCH_USER_PATHS = NO;
				CLANG_ANALYZER_NONNULL = YES;
				CLANG_ANALYZER_NUMBER_OBJECT_CONVERSION = YES_AGGRESSIVE;
				CLANG_CXX_LANGUAGE_STANDARD = "gnu++14";
				CLANG_CXX_LIBRARY = "libc++";
				CLANG_ENABLE_MODULES = YES;
				CLANG_ENABLE_OBJC_ARC = YES;
				CLANG_ENABLE_OBJC_WEAK = YES;
				CLANG_WARN_BLOCK_CAPTURE_AUTORELEASING = YES;
				CLANG_WARN_BOOL_CONVERSION = YES;
				CLANG_WARN_COMMA = YES;
				CLANG_WARN_CONSTANT_CONVERSION = YES;
				CLANG_WARN_DEPRECATED_OBJC_IMPLEMENTATIONS = YES;
				CLANG_WARN_DIRECT_OBJC_ISA_USAGE = YES_ERROR;
				CLANG_WARN_DOCUMENTATION_COMMENTS = YES;
				CLANG_WARN_EMPTY_BODY = YES;
				CLANG_WARN_ENUM_CONVERSION = YES;
				CLANG_WARN_INFINITE_RECURSION = YES;
				CLANG_WARN_INT_CONVERSION = YES;
				CLANG_WARN_NON_LITERAL_NULL_CONVERSION = YES;
				CLANG_WARN_OBJC_IMPLICIT_RETAIN_SELF = YES;
				CLANG_WARN_OBJC_LITERAL_CONVERSION = YES;
				CLANG_WARN_OBJC_ROOT_CLASS = YES_ERROR;
				CLANG_WARN_RANGE_LOOP_ANALYSIS = YES;
				CLANG_WARN_STRICT_PROTOTYPES = YES;
				CLANG_WARN_SUSPICIOUS_MOVE = YES;
				CLANG_WARN_UNGUARDED_AVAILABILITY = YES_AGGRESSIVE;
				CLANG_WARN_UNREACHABLE_CODE = YES;
				CLANG_WARN__DUPLICATE_METHOD_MATCH = YES;
				CODE_SIGN_IDENTITY = "iPhone Developer";
				COPY_PHASE_STRIP = NO;
				DEBUG_INFORMATION_FORMAT = dwarf;
				ENABLE_STRICT_OBJC_MSGSEND = YES;
				ENABLE_TESTABILITY = YES;
				GCC_C_LANGUAGE_STANDARD = gnu11;
				GCC_DYNAMIC_NO_PIC = NO;
				GCC_NO_COMMON_BLOCKS = YES;
				GCC_OPTIMIZATION_LEVEL = 0;
				GCC_PREPROCESSOR_DEFINITIONS = (
					"DEBUG=1",
					"$(inherited)",
				);
				GCC_WARN_64_TO_32_BIT_CONVERSION = YES;
				GCC_WARN_ABOUT_RETURN_TYPE = YES_ERROR;
				GCC_WARN_UNDECLARED_SELECTOR = YES;
				GCC_WARN_UNINITIALIZED_AUTOS = YES_AGGRESSIVE;
				GCC_WARN_UNUSED_FUNCTION = YES;
				GCC_WARN_UNUSED_VARIABLE = YES;
				IPHONEOS_DEPLOYMENT_TARGET = 12.2;
				MTL_ENABLE_DEBUG_INFO = INCLUDE_SOURCE;
				MTL_FAST_MATH = YES;
				ONLY_ACTIVE_ARCH = YES;
				SDKROOT = iphoneos;
				SWIFT_ACTIVE_COMPILATION_CONDITIONS = DEBUG;
				SWIFT_OPTIMIZATION_LEVEL = "-Onone";
			};
			name = Debug;
		};
		ADE24B932297ED460059602A /* Release */ = {
			isa = XCBuildConfiguration;
			buildSettings = {
				ALWAYS_SEARCH_USER_PATHS = NO;
				CLANG_ANALYZER_NONNULL = YES;
				CLANG_ANALYZER_NUMBER_OBJECT_CONVERSION = YES_AGGRESSIVE;
				CLANG_CXX_LANGUAGE_STANDARD = "gnu++14";
				CLANG_CXX_LIBRARY = "libc++";
				CLANG_ENABLE_MODULES = YES;
				CLANG_ENABLE_OBJC_ARC = YES;
				CLANG_ENABLE_OBJC_WEAK = YES;
				CLANG_WARN_BLOCK_CAPTURE_AUTORELEASING = YES;
				CLANG_WARN_BOOL_CONVERSION = YES;
				CLANG_WARN_COMMA = YES;
				CLANG_WARN_CONSTANT_CONVERSION = YES;
				CLANG_WARN_DEPRECATED_OBJC_IMPLEMENTATIONS = YES;
				CLANG_WARN_DIRECT_OBJC_ISA_USAGE = YES_ERROR;
				CLANG_WARN_DOCUMENTATION_COMMENTS = YES;
				CLANG_WARN_EMPTY_BODY = YES;
				CLANG_WARN_ENUM_CONVERSION = YES;
				CLANG_WARN_INFINITE_RECURSION = YES;
				CLANG_WARN_INT_CONVERSION = YES;
				CLANG_WARN_NON_LITERAL_NULL_CONVERSION = YES;
				CLANG_WARN_OBJC_IMPLICIT_RETAIN_SELF = YES;
				CLANG_WARN_OBJC_LITERAL_CONVERSION = YES;
				CLANG_WARN_OBJC_ROOT_CLASS = YES_ERROR;
				CLANG_WARN_RANGE_LOOP_ANALYSIS = YES;
				CLANG_WARN_STRICT_PROTOTYPES = YES;
				CLANG_WARN_SUSPICIOUS_MOVE = YES;
				CLANG_WARN_UNGUARDED_AVAILABILITY = YES_AGGRESSIVE;
				CLANG_WARN_UNREACHABLE_CODE = YES;
				CLANG_WARN__DUPLICATE_METHOD_MATCH = YES;
				CODE_SIGN_IDENTITY = "iPhone Developer";
				COPY_PHASE_STRIP = NO;
				DEBUG_INFORMATION_FORMAT = "dwarf-with-dsym";
				ENABLE_NS_ASSERTIONS = NO;
				ENABLE_STRICT_OBJC_MSGSEND = YES;
				GCC_C_LANGUAGE_STANDARD = gnu11;
				GCC_NO_COMMON_BLOCKS = YES;
				GCC_WARN_64_TO_32_BIT_CONVERSION = YES;
				GCC_WARN_ABOUT_RETURN_TYPE = YES_ERROR;
				GCC_WARN_UNDECLARED_SELECTOR = YES;
				GCC_WARN_UNINITIALIZED_AUTOS = YES_AGGRESSIVE;
				GCC_WARN_UNUSED_FUNCTION = YES;
				GCC_WARN_UNUSED_VARIABLE = YES;
				IPHONEOS_DEPLOYMENT_TARGET = 12.2;
				MTL_ENABLE_DEBUG_INFO = NO;
				MTL_FAST_MATH = YES;
				SDKROOT = iphoneos;
				SWIFT_COMPILATION_MODE = wholemodule;
				SWIFT_OPTIMIZATION_LEVEL = "-O";
				VALIDATE_PRODUCT = YES;
			};
			name = Release;
		};
		ADE24B952297ED460059602A /* Debug */ = {
			isa = XCBuildConfiguration;
			buildSettings = {
				ASSETCATALOG_COMPILER_APPICON_NAME = AppIcon;
				CODE_SIGN_STYLE = Automatic;
				DEVELOPMENT_TEAM = CLN74SWWVZ;
				INFOPLIST_FILE = Skurt/Info.plist;
				IPHONEOS_DEPLOYMENT_TARGET = 9.0;
				LD_RUNPATH_SEARCH_PATHS = (
					"$(inherited)",
					"@executable_path/Frameworks",
				);
				PRODUCT_BUNDLE_IDENTIFIER = com.etranzact.Skurt;
				PRODUCT_NAME = "$(TARGET_NAME)";
				SWIFT_VERSION = 5.0;
				TARGETED_DEVICE_FAMILY = 1;
			};
			name = Debug;
		};
		ADE24B962297ED460059602A /* Release */ = {
			isa = XCBuildConfiguration;
			buildSettings = {
				ASSETCATALOG_COMPILER_APPICON_NAME = AppIcon;
				CODE_SIGN_STYLE = Automatic;
				DEVELOPMENT_TEAM = CLN74SWWVZ;
				INFOPLIST_FILE = Skurt/Info.plist;
				IPHONEOS_DEPLOYMENT_TARGET = 9.0;
				LD_RUNPATH_SEARCH_PATHS = (
					"$(inherited)",
					"@executable_path/Frameworks",
				);
				PRODUCT_BUNDLE_IDENTIFIER = com.etranzact.Skurt;
				PRODUCT_NAME = "$(TARGET_NAME)";
				SWIFT_VERSION = 5.0;
				TARGETED_DEVICE_FAMILY = 1;
			};
			name = Release;
		};
/* End XCBuildConfiguration section */

/* Begin XCConfigurationList section */
		ADE24B7D2297ED450059602A /* Build configuration list for PBXProject "Skurt" */ = {
			isa = XCConfigurationList;
			buildConfigurations = (
				ADE24B922297ED460059602A /* Debug */,
				ADE24B932297ED460059602A /* Release */,
			);
			defaultConfigurationIsVisible = 0;
			defaultConfigurationName = Release;
		};
		ADE24B942297ED460059602A /* Build configuration list for PBXNativeTarget "Skurt" */ = {
			isa = XCConfigurationList;
			buildConfigurations = (
				ADE24B952297ED460059602A /* Debug */,
				ADE24B962297ED460059602A /* Release */,
			);
			defaultConfigurationIsVisible = 0;
			defaultConfigurationName = Release;
		};
/* End XCConfigurationList section */
	};
	rootObject = ADE24B7A2297ED450059602A /* Project object */;
}
